
Microsoft Visual Studio Solution File, Format Version 12.00
# Visual Studio Version 17
VisualStudioVersion = 17.1.32319.34
MinimumVisualStudioVersion = 10.0.40219.1
Project("{FAE04EC0-301F-11D3-BF4B-00C04F79EFBC}") = "RAA_WPF_Skills_View_Renumber", "RAA_WPF_Skills_View_Renumber\RAA_WPF_Skills_View_Renumber.csproj", "{A6DE6993-6773-4428-A510-67712E228FE3}"
EndProject
Global
	GlobalSection(SolutionConfigurationPlatforms) = preSolution
		Debug|Any CPU = Debug|Any CPU
		Release|Any CPU = Release|Any CPU
	EndGlobalSection
	GlobalSection(ProjectConfigurationPlatforms) = postSolution
		{A6DE6993-6773-4428-A510-67712E228FE3}.Debug|Any CPU.ActiveCfg = Debug|Any CPU
		{A6DE6993-6773-4428-A510-67712E228FE3}.Debug|Any CPU.Build.0 = Debug|Any CPU
		{A6DE6993-6773-4428-A510-67712E228FE3}.Release|Any CPU.ActiveCfg = Release|Any CPU
		{A6DE6993-6773-4428-A510-67712E228FE3}.Release|Any CPU.Build.0 = Release|Any CPU
	EndGlobalSection
	GlobalSection(SolutionProperties) = preSolution
		HideSolutionNode = FALSE
	EndGlobalSection
	GlobalSection(ExtensibilityGlobals) = postSolution
		SolutionGuid = {D61E3051-67ED-4152-A28C-188CC7463513}
	EndGlobalSection
EndGlobal
